
Microsoft Visual Studio Solution File, Format Version 12.00
# Visual Studio 15
VisualStudioVersion = 15.0.28307.1340
MinimumVisualStudioVersion = 10.0.40219.1
Project("{9A19103F-16F7-4668-BE54-9A1E7A4F7556}") = "Business", "Business\Business.csproj", "{1D35A2D3-CDB1-4D81-9B25-73A22BF44171}"
EndProject
Project("{9A19103F-16F7-4668-BE54-9A1E7A4F7556}") = "DataAccess", "DataAccess\DataAccess.csproj", "{339E541D-7529-4598-A69E-8FD443733A99}"
EndProject
Project("{9A19103F-16F7-4668-BE54-9A1E7A4F7556}") = "Entities", "Entities\Entities.csproj", "{0D8862A5-F79A-43F8-B24C-543AB45AC081}"
EndProject
Project("{9A19103F-16F7-4668-BE54-9A1E7A4F7556}") = "ConsoleUI", "ConsoleUI\ConsoleUI.csproj", "{3EB87B4F-DB9F-4042-BCA3-0B7B014626C7}"
EndProject
Global
	GlobalSection(SolutionConfigurationPlatforms) = preSolution
		Debug|Any CPU = Debug|Any CPU
		Release|Any CPU = Release|Any CPU
	EndGlobalSection
	GlobalSection(ProjectConfigurationPlatforms) = postSolution
		{1D35A2D3-CDB1-4D81-9B25-73A22BF44171}.Debug|Any CPU.ActiveCfg = Debug|Any CPU
		{1D35A2D3-CDB1-4D81-9B25-73A22BF44171}.Debug|Any CPU.Build.0 = Debug|Any CPU
		{1D35A2D3-CDB1-4D81-9B25-73A22BF44171}.Release|Any CPU.ActiveCfg = Release|Any CPU
		{1D35A2D3-CDB1-4D81-9B25-73A22BF44171}.Release|Any CPU.Build.0 = Release|Any CPU
		{339E541D-7529-4598-A69E-8FD443733A99}.Debug|Any CPU.ActiveCfg = Debug|Any CPU
		{339E541D-7529-4598-A69E-8FD443733A99}.Debug|Any CPU.Build.0 = Debug|Any CPU
		{339E541D-7529-4598-A69E-8FD443733A99}.Release|Any CPU.ActiveCfg = Release|Any CPU
		{339E541D-7529-4598-A69E-8FD443733A99}.Release|Any CPU.Build.0 = Release|Any CPU
		{0D8862A5-F79A-43F8-B24C-543AB45AC081}.Debug|Any CPU.ActiveCfg = Debug|Any CPU
		{0D8862A5-F79A-43F8-B24C-543AB45AC081}.Debug|Any CPU.Build.0 = Debug|Any CPU
		{0D8862A5-F79A-43F8-B24C-543AB45AC081}.Release|Any CPU.ActiveCfg = Release|Any CPU
		{0D8862A5-F79A-43F8-B24C-543AB45AC081}.Release|Any CPU.Build.0 = Release|Any CPU
		{3EB87B4F-DB9F-4042-BCA3-0B7B014626C7}.Debug|Any CPU.ActiveCfg = Debug|Any CPU
		{3EB87B4F-DB9F-4042-BCA3-0B7B014626C7}.Debug|Any CPU.Build.0 = Debug|Any CPU
		{3EB87B4F-DB9F-4042-BCA3-0B7B014626C7}.Release|Any CPU.ActiveCfg = Release|Any CPU
		{3EB87B4F-DB9F-4042-BCA3-0B7B014626C7}.Release|Any CPU.Build.0 = Release|Any CPU
	EndGlobalSection
	GlobalSection(SolutionProperties) = preSolution
		HideSolutionNode = FALSE
	EndGlobalSection
	GlobalSection(ExtensibilityGlobals) = postSolution
		SolutionGuid = {0EAF4252-78BF-469A-981A-83AB925434CB}
	EndGlobalSection
EndGlobal
